# This file is autogenerated, do not edit; changes may be undone by the next 'dep ensure'.


[[projects]]
  digest = "1:b62a3c5b37db602bf1158e921da1a762315a4c37855fd418a14498aa87a342d5"
  name = "cloud.google.com/go"
  packages = ["civil"]
  pruneopts = "UT"
  revision = "64a2037ec6be8a4b0c1d1f706ed35b428b989239"
  version = "v0.26.0"

[[projects]]
  branch = "master"
  digest = "1:300c0d22047b2fa7c4a9cd4c9cc2ca5a6e941fdcd320c54a54626dbfb86d2a5f"
  name = "github.com/alexflint/go-arg"
  packages = ["."]
  pruneopts = "UT"
  revision = "f7c0423bd11ee80ab81d25c6d46f492998af8547"

[[projects]]
  digest = "1:e36bd4aac23f7b8cafe074ed789b89d673f88d14443a230d3982a694704d121b"
  name = "github.com/alexflint/go-scalar"
  packages = ["."]
  pruneopts = "UT"
  revision = "45e5d6cd8605faef82fda2bacc59e734a0b6f1f0"

[[projects]]
  branch = "master"
  digest = "1:7478b05c27d1b2f14d7188471cc2726baddb5720bcfce508ce6dbb77ffe08e9f"
  name = "github.com/denisenkom/go-mssqldb"
  packages = [
    ".",
    "internal/cp",
  ]
  pruneopts = "UT"
  revision = "8fac8b954edb5b2b4ade733422de37ced41823c8"

[[projects]]
  branch = "master"
  digest = "1:738fb270ddc762898f14fec8e4c6ba51720cdf00f0d1fb44d29a550282f24c78"
  name = "github.com/gedex/inflector"
  packages = ["."]
  pruneopts = "UT"
  revision = "16278e9db8130ac7ec405dc174cfb94344f16325"

[[projects]]
  digest = "1:adea5a94903eb4384abef30f3d878dc9ff6b6b5b0722da25b82e5169216dfb61"
  name = "github.com/go-sql-driver/mysql"
  packages = ["."]
  pruneopts = "UT"
  revision = "d523deb1b23d913de5bdada721a6071e71283618"
  version = "v1.4.0"

[[projects]]
  branch = "master"
  digest = "1:901625a0300fa83074dcf2510424c26a19dc3edadf67b34ca45a78f879ac4b0c"
  name = "github.com/knq/snaker"
  packages = ["."]
  pruneopts = "UT"
  revision = "d9ad1e7f342a5b58202aa92c5f1106d7bb8b9c73"

[[projects]]
  digest = "1:8ef506fc2bb9ced9b151dafa592d4046063d744c646c1bbe801982ce87e4bc24"
  name = "github.com/lib/pq"
  packages = [
    ".",
    "oid",
  ]
  pruneopts = "UT"
  revision = "4ded0e9383f75c197b3a2aaa6d590ac52df6fd79"
  version = "v1.0.0"

[[projects]]
  digest = "1:3cafc6a5a1b8269605d9df4c6956d43d8011fc57f266ca6b9d04da6c09dee548"
  name = "github.com/mattn/go-sqlite3"
  packages = ["."]
  pruneopts = "UT"
  revision = "25ecb14adfc7543176f7d85291ec7dba82c6f7e4"
  version = "v1.9.0"

[[projects]]
  digest = "1:40e195917a951a8bf867cd05de2a46aaf1806c50cf92eebf4c16f78cd196f747"
  name = "github.com/pkg/errors"
  packages = ["."]
  pruneopts = "UT"
  revision = "645ef00459ed84a119197bfb8d8205042c6df63d"
  version = "v0.8.0"

[[projects]]
  branch = "master"
  digest = "1:4904b183bb8ac483dbebc13ff8df5cc35b27f2ab726ca52477d7f05231f52685"
  name = "github.com/xo/dburl"
  packages = ["."]
  pruneopts = "UT"
  revision = "cd61869a0c089d2d6fa2f73676dceeaa958132ca"

[[projects]]
  branch = "master"
  digest = "1:ad32fccba8dee9b2d13b44776036683d088a63c4071443aa3c60e9dd60861e70"
  name = "github.com/xo/xoutil"
  packages = ["."]
  pruneopts = "UT"
  revision = "46189f4026a5a53537a3d5b99092accf968d572b"

[[projects]]
  branch = "master"
  digest = "1:7d80d5561efbfcfdc3e4720bf5e331d574fd6f1e531b115ecf568aab3e2b656d"
  name = "golang.org/x/crypto"
  packages = ["md4"]
  pruneopts = "UT"
  revision = "614d502a4dac94afa3a6ce146bd1736da82514c6"

[[projects]]
  branch = "master"
  digest = "1:76ee51c3f468493aff39dbacc401e8831fbb765104cbf613b89bef01cf4bad70"
  name = "golang.org/x/net"
  packages = ["context"]
  pruneopts = "UT"
  revision = "8a410e7b638dca158bf9e766925842f6651ff828"

[[projects]]
  branch = "master"
  digest = "1:39ebcc2b11457b703ae9ee2e8cca0f68df21969c6102cb3b705f76cca0ea0239"
  name = "golang.org/x/sync"
  packages = ["errgroup"]
  pruneopts = "UT"
  revision = "1d60e4601c6fd243af51cc01ddf169918a5407ca"

[[projects]]
  digest = "1:c25289f43ac4a68d88b02245742347c94f1e108c534dda442188015ff80669b3"
  name = "google.golang.org/appengine"
  packages = ["cloudsql"]
  pruneopts = "UT"
  revision = "b1f26356af11148e710935ed1ac8a7f5702c7612"
  version = "v1.1.0"

[[projects]]
  digest = "1:95aeb60c9295d6744649cf644f58a64a921a567ced746e54dce46d7fffe1bb04"
  name = "gopkg.in/rana/ora.v4"
  packages = [
    ".",
    "date",
    "num",
  ]
  pruneopts = "UT"
  revision = "7a9ff49e7315c80623bc2b49c64fba1900e07209"
  version = "v4.1.15"

[solve-meta]
  analyzer-name = "dep"
  analyzer-version = 1
  input-imports = [
    "github.com/alexflint/go-arg",
    "github.com/denisenkom/go-mssqldb",
    "github.com/gedex/inflector",
    "github.com/go-sql-driver/mysql",
    "github.com/knq/snaker",
    "github.com/lib/pq",
    "github.com/mattn/go-sqlite3",
    "github.com/xo/dburl",
    "github.com/xo/xoutil",
    "gopkg.in/rana/ora.v4",
  ]
  solver-name = "gps-cdcl"
  solver-version = 1
